// !$*UTF8*$!
{
	archiveVersion = 1;
	classes = {
	};
	objectVersion = 50;
	objects = {

/* Begin PBXBuildFile section */
		4F79DB6421AE1CD800C5C7C1 /* main.cpp in Sources */ = {isa = PBXBuildFile; fileRef = 4F79DB6321AE1CD800C5C7C1 /* main.cpp */; };
		4F79DB6C21AE1CEF00C5C7C1 /* util.cpp in Sources */ = {isa = PBXBuildFile; fileRef = 4F79DB6A21AE1CEF00C5C7C1 /* util.cpp */; };
		4F79DB7321AE1D3D00C5C7C1 /* database_sqlite3.cpp in Sources */ = {isa = PBXBuildFile; fileRef = 4F79DB7121AE1D3D00C5C7C1 /* database_sqlite3.cpp */; };
		4F79DB7921AE1D8C00C5C7C1 /* spacetrackquery.cpp in Sources */ = {isa = PBXBuildFile; fileRef = 4F79DB7721AE1D8C00C5C7C1 /* spacetrackquery.cpp */; };
		4F79DB7C21AE1DA900C5C7C1 /* spacetrack.cpp in Sources */ = {isa = PBXBuildFile; fileRef = 4F79DB7A21AE1DA900C5C7C1 /* spacetrack.cpp */; };
		4F79DB7F21AE1E0900C5C7C1 /* libsqlite3.tbd in Frameworks */ = {isa = PBXBuildFile; fileRef = 4F79DB7E21AE1E0900C5C7C1 /* libsqlite3.tbd */; };
/* End PBXBuildFile section */

/* Begin PBXCopyFilesBuildPhase section */
		4F79DB5E21AE1CD800C5C7C1 /* CopyFiles */ = {
			isa = PBXCopyFilesBuildPhase;
			buildActionMask = 2147483647;
			dstPath = /usr/share/man/man1/;
			dstSubfolderSpec = 0;
			files = (
			);
			runOnlyForDeploymentPostprocessing = 1;
		};
/* End PBXCopyFilesBuildPhase section */

/* Begin PBXFileReference section */
		4F79DB6021AE1CD800C5C7C1 /* SatellitePositionFinder */ = {isa = PBXFileReference; explicitFileType = "compiled.mach-o.executable"; includeInIndex = 0; path = SatellitePositionFinder; sourceTree = BUILT_PRODUCTS_DIR; };
		4F79DB6321AE1CD800C5C7C1 /* main.cpp */ = {isa = PBXFileReference; lastKnownFileType = sourcecode.cpp.cpp; path = main.cpp; sourceTree = "<group>"; };
		4F79DB6A21AE1CEF00C5C7C1 /* util.cpp */ = {isa = PBXFileReference; lastKnownFileType = sourcecode.cpp.cpp; path = util.cpp; sourceTree = "<group>"; };
		4F79DB6B21AE1CEF00C5C7C1 /* util.hpp */ = {isa = PBXFileReference; lastKnownFileType = sourcecode.cpp.h; path = util.hpp; sourceTree = "<group>"; };
		4F79DB7121AE1D3D00C5C7C1 /* database_sqlite3.cpp */ = {isa = PBXFileReference; lastKnownFileType = sourcecode.cpp.cpp; path = database_sqlite3.cpp; sourceTree = "<group>"; };
		4F79DB7221AE1D3D00C5C7C1 /* database_sqlite3.hpp */ = {isa = PBXFileReference; lastKnownFileType = sourcecode.cpp.h; path = database_sqlite3.hpp; sourceTree = "<group>"; };
		4F79DB7521AE1D6800C5C7C1 /* json.h */ = {isa = PBXFileReference; lastKnownFileType = sourcecode.c.h; path = json.h; sourceTree = "<group>"; };
		4F79DB7721AE1D8C00C5C7C1 /* spacetrackquery.cpp */ = {isa = PBXFileReference; lastKnownFileType = sourcecode.cpp.cpp; path = spacetrackquery.cpp; sourceTree = "<group>"; };
		4F79DB7821AE1D8C00C5C7C1 /* spacetrackquery.hpp */ = {isa = PBXFileReference; lastKnownFileType = sourcecode.cpp.h; path = spacetrackquery.hpp; sourceTree = "<group>"; };
		4F79DB7A21AE1DA900C5C7C1 /* spacetrack.cpp */ = {isa = PBXFileReference; lastKnownFileType = sourcecode.cpp.cpp; path = spacetrack.cpp; sourceTree = "<group>"; };
		4F79DB7B21AE1DA900C5C7C1 /* spacetrack.hpp */ = {isa = PBXFileReference; lastKnownFileType = sourcecode.cpp.h; path = spacetrack.hpp; sourceTree = "<group>"; };
		4F79DB7E21AE1E0900C5C7C1 /* libsqlite3.tbd */ = {isa = PBXFileReference; lastKnownFileType = "sourcecode.text-based-dylib-definition"; name = libsqlite3.tbd; path = usr/lib/libsqlite3.tbd; sourceTree = SDKROOT; };
		4F79DB8021AE1E0F00C5C7C1 /* libsqlite3.0.tbd */ = {isa = PBXFileReference; lastKnownFileType = "sourcecode.text-based-dylib-definition"; name = libsqlite3.0.tbd; path = usr/lib/libsqlite3.0.tbd; sourceTree = SDKROOT; };
/* End PBXFileReference section */

/* Begin PBXFrameworksBuildPhase section */
		4F79DB5D21AE1CD800C5C7C1 /* Frameworks */ = {
			isa = PBXFrameworksBuildPhase;
			buildActionMask = 2147483647;
			files = (
				4F79DB7F21AE1E0900C5C7C1 /* libsqlite3.tbd in Frameworks */,
			);
			runOnlyForDeploymentPostprocessing = 0;
		};
/* End PBXFrameworksBuildPhase section */

/* Begin PBXGroup section */
		4F79DB5721AE1CD800C5C7C1 = {
			isa = PBXGroup;
			children = (
				4F79DB6221AE1CD800C5C7C1 /* SatellitePositionFinder */,
				4F79DB6121AE1CD800C5C7C1 /* Products */,
				4F79DB7D21AE1E0900C5C7C1 /* Frameworks */,
			);
			sourceTree = "<group>";
		};
		4F79DB6121AE1CD800C5C7C1 /* Products */ = {
			isa = PBXGroup;
			children = (
				4F79DB6021AE1CD800C5C7C1 /* SatellitePositionFinder */,
			);
			name = Products;
			sourceTree = "<group>";
		};
		4F79DB6221AE1CD800C5C7C1 /* SatellitePositionFinder */ = {
			isa = PBXGroup;
			children = (
				4F79DB7621AE1D7300C5C7C1 /* SpaceTrack */,
				4F79DB7421AE1D4F00C5C7C1 /* nlohmann */,
				4F79DB6D21AE1D0D00C5C7C1 /* Database */,
				4F79DB6321AE1CD800C5C7C1 /* main.cpp */,
				4F79DB6A21AE1CEF00C5C7C1 /* util.cpp */,
				4F79DB6B21AE1CEF00C5C7C1 /* util.hpp */,
			);
			path = SatellitePositionFinder;
			sourceTree = "<group>";
		};
		4F79DB6D21AE1D0D00C5C7C1 /* Database */ = {
			isa = PBXGroup;
			children = (
				4F79DB7121AE1D3D00C5C7C1 /* database_sqlite3.cpp */,
				4F79DB7221AE1D3D00C5C7C1 /* database_sqlite3.hpp */,
			);
			path = Database;
			sourceTree = "<group>";
		};
		4F79DB7421AE1D4F00C5C7C1 /* nlohmann */ = {
			isa = PBXGroup;
			children = (
				4F79DB7521AE1D6800C5C7C1 /* json.h */,
			);
			path = nlohmann;
			sourceTree = "<group>";
		};
		4F79DB7621AE1D7300C5C7C1 /* SpaceTrack */ = {
			isa = PBXGroup;
			children = (
				4F79DB7721AE1D8C00C5C7C1 /* spacetrackquery.cpp */,
				4F79DB7821AE1D8C00C5C7C1 /* spacetrackquery.hpp */,
				4F79DB7A21AE1DA900C5C7C1 /* spacetrack.cpp */,
				4F79DB7B21AE1DA900C5C7C1 /* spacetrack.hpp */,
			);
			path = SpaceTrack;
			sourceTree = "<group>";
		};
		4F79DB7D21AE1E0900C5C7C1 /* Frameworks */ = {
			isa = PBXGroup;
			children = (
				4F79DB8021AE1E0F00C5C7C1 /* libsqlite3.0.tbd */,
				4F79DB7E21AE1E0900C5C7C1 /* libsqlite3.tbd */,
			);
			name = Frameworks;
			sourceTree = "<group>";
		};
/* End PBXGroup section */

/* Begin PBXNativeTarget section */
		4F79DB5F21AE1CD800C5C7C1 /* SatellitePositionFinder */ = {
			isa = PBXNativeTarget;
			buildConfigurationList = 4F79DB6721AE1CD800C5C7C1 /* Build configuration list for PBXNativeTarget "SatellitePositionFinder" */;
			buildPhases = (
				4F79DB5C21AE1CD800C5C7C1 /* Sources */,
				4F79DB5D21AE1CD800C5C7C1 /* Frameworks */,
				4F79DB5E21AE1CD800C5C7C1 /* CopyFiles */,
			);
			buildRules = (
			);
			dependencies = (
			);
			name = SatellitePositionFinder;
			productName = Satellites_3;
			productReference = 4F79DB6021AE1CD800C5C7C1 /* SatellitePositionFinder */;
			productType = "com.apple.product-type.tool";
		};
/* End PBXNativeTarget section */

/* Begin PBXProject section */
		4F79DB5821AE1CD800C5C7C1 /* Project object */ = {
			isa = PBXProject;
			attributes = {
				LastUpgradeCheck = 1010;
				ORGANIZATIONNAME = "Alex Simmons";
				TargetAttributes = {
					4F79DB5F21AE1CD800C5C7C1 = {
						CreatedOnToolsVersion = 10.1;
					};
				};
			};
			buildConfigurationList = 4F79DB5B21AE1CD800C5C7C1 /* Build configuration list for PBXProject "SatellitePositionFinder" */;
			compatibilityVersion = "Xcode 9.3";
			developmentRegion = en;
			hasScannedForEncodings = 0;
			knownRegions = (
				en,
			);
			mainGroup = 4F79DB5721AE1CD800C5C7C1;
			productRefGroup = 4F79DB6121AE1CD800C5C7C1 /* Products */;
			projectDirPath = "";
			projectRoot = "";
			targets = (
				4F79DB5F21AE1CD800C5C7C1 /* SatellitePositionFinder */,
			);
		};
/* End PBXProject section */

/* Begin PBXSourcesBuildPhase section */
		4F79DB5C21AE1CD800C5C7C1 /* Sources */ = {
			isa = PBXSourcesBuildPhase;
			buildActionMask = 2147483647;
			files = (
				4F79DB7C21AE1DA900C5C7C1 /* spacetrack.cpp in Sources */,
				4F79DB7921AE1D8C00C5C7C1 /* spacetrackquery.cpp in Sources */,
				4F79DB6421AE1CD800C5C7C1 /* main.cpp in Sources */,
				4F79DB6C21AE1CEF00C5C7C1 /* util.cpp in Sources */,
				4F79DB7321AE1D3D00C5C7C1 /* database_sqlite3.cpp in Sources */,
			);
			runOnlyForDeploymentPostprocessing = 0;
		};
/* End PBXSourcesBuildPhase section */

/* Begin XCBuildConfiguration section */
		4F79DB6521AE1CD800C5C7C1 /* Debug */ = {
			isa = XCBuildConfiguration;
			buildSettings = {
				ALWAYS_SEARCH_USER_PATHS = NO;
				CLANG_ANALYZER_NONNULL = YES;
				CLANG_ANALYZER_NUMBER_OBJECT_CONVERSION = YES_AGGRESSIVE;
				CLANG_CXX_LANGUAGE_STANDARD = "gnu++14";
				CLANG_CXX_LIBRARY = "libc++";
				CLANG_ENABLE_MODULES = YES;
				CLANG_ENABLE_OBJC_ARC = YES;
				CLANG_ENABLE_OBJC_WEAK = YES;
				CLANG_WARN_BLOCK_CAPTURE_AUTORELEASING = YES;
				CLANG_WARN_BOOL_CONVERSION = YES;
				CLANG_WARN_COMMA = YES;
				CLANG_WARN_CONSTANT_CONVERSION = YES;
				CLANG_WARN_DEPRECATED_OBJC_IMPLEMENTATIONS = YES;
				CLANG_WARN_DIRECT_OBJC_ISA_USAGE = YES_ERROR;
				CLANG_WARN_DOCUMENTATION_COMMENTS = YES;
				CLANG_WARN_EMPTY_BODY = YES;
				CLANG_WARN_ENUM_CONVERSION = YES;
				CLANG_WARN_INFINITE_RECURSION = YES;
				CLANG_WARN_INT_CONVERSION = YES;
				CLANG_WARN_NON_LITERAL_NULL_CONVERSION = YES;
				CLANG_WARN_OBJC_IMPLICIT_RETAIN_SELF = YES;
				CLANG_WARN_OBJC_LITERAL_CONVERSION = YES;
				CLANG_WARN_OBJC_ROOT_CLASS = YES_ERROR;
				CLANG_WARN_RANGE_LOOP_ANALYSIS = YES;
				CLANG_WARN_STRICT_PROTOTYPES = YES;
				CLANG_WARN_SUSPICIOUS_MOVE = YES;
				CLANG_WARN_UNGUARDED_AVAILABILITY = YES_AGGRESSIVE;
				CLANG_WARN_UNREACHABLE_CODE = YES;
				CLANG_WARN__DUPLICATE_METHOD_MATCH = YES;
				CODE_SIGN_IDENTITY = "-";
				COPY_PHASE_STRIP = NO;
				DEBUG_INFORMATION_FORMAT = dwarf;
				ENABLE_STRICT_OBJC_MSGSEND = YES;
				ENABLE_TESTABILITY = YES;
				GCC_C_LANGUAGE_STANDARD = gnu11;
				GCC_DYNAMIC_NO_PIC = NO;
				GCC_NO_COMMON_BLOCKS = YES;
				GCC_OPTIMIZATION_LEVEL = 0;
				GCC_PREPROCESSOR_DEFINITIONS = (
					"DEBUG=1",
					"$(inherited)",
				);
				GCC_WARN_64_TO_32_BIT_CONVERSION = YES;
				GCC_WARN_ABOUT_RETURN_TYPE = YES_ERROR;
				GCC_WARN_UNDECLARED_SELECTOR = YES;
				GCC_WARN_UNINITIALIZED_AUTOS = YES_AGGRESSIVE;
				GCC_WARN_UNUSED_FUNCTION = YES;
				GCC_WARN_UNUSED_VARIABLE = YES;
				MACOSX_DEPLOYMENT_TARGET = 10.14;
				MTL_ENABLE_DEBUG_INFO = INCLUDE_SOURCE;
				MTL_FAST_MATH = YES;
				ONLY_ACTIVE_ARCH = YES;
				SDKROOT = macosx;
			};
			name = Debug;
		};
		4F79DB6621AE1CD800C5C7C1 /* Release */ = {
			isa = XCBuildConfiguration;
			buildSettings = {
				ALWAYS_SEARCH_USER_PATHS = NO;
				CLANG_ANALYZER_NONNULL = YES;
				CLANG_ANALYZER_NUMBER_OBJECT_CONVERSION = YES_AGGRESSIVE;
				CLANG_CXX_LANGUAGE_STANDARD = "gnu++14";
				CLANG_CXX_LIBRARY = "libc++";
				CLANG_ENABLE_MODULES = YES;
				CLANG_ENABLE_OBJC_ARC = YES;
				CLANG_ENABLE_OBJC_WEAK = YES;
				CLANG_WARN_BLOCK_CAPTURE_AUTORELEASING = YES;
				CLANG_WARN_BOOL_CONVERSION = YES;
				CLANG_WARN_COMMA = YES;
				CLANG_WARN_CONSTANT_CONVERSION = YES;
				CLANG_WARN_DEPRECATED_OBJC_IMPLEMENTATIONS = YES;
				CLANG_WARN_DIRECT_OBJC_ISA_USAGE = YES_ERROR;
				CLANG_WARN_DOCUMENTATION_COMMENTS = YES;
				CLANG_WARN_EMPTY_BODY = YES;
				CLANG_WARN_ENUM_CONVERSION = YES;
				CLANG_WARN_INFINITE_RECURSION = YES;
				CLANG_WARN_INT_CONVERSION = YES;
				CLANG_WARN_NON_LITERAL_NULL_CONVERSION = YES;
				CLANG_WARN_OBJC_IMPLICIT_RETAIN_SELF = YES;
				CLANG_WARN_OBJC_LITERAL_CONVERSION = YES;
				CLANG_WARN_OBJC_ROOT_CLASS = YES_ERROR;
				CLANG_WARN_RANGE_LOOP_ANALYSIS = YES;
				CLANG_WARN_STRICT_PROTOTYPES = YES;
				CLANG_WARN_SUSPICIOUS_MOVE = YES;
				CLANG_WARN_UNGUARDED_AVAILABILITY = YES_AGGRESSIVE;
				CLANG_WARN_UNREACHABLE_CODE = YES;
				CLANG_WARN__DUPLICATE_METHOD_MATCH = YES;
				CODE_SIGN_IDENTITY = "-";
				COPY_PHASE_STRIP = NO;
				DEBUG_INFORMATION_FORMAT = "dwarf-with-dsym";
				ENABLE_NS_ASSERTIONS = NO;
				ENABLE_STRICT_OBJC_MSGSEND = YES;
				GCC_C_LANGUAGE_STANDARD = gnu11;
				GCC_NO_COMMON_BLOCKS = YES;
				GCC_WARN_64_TO_32_BIT_CONVERSION = YES;
				GCC_WARN_ABOUT_RETURN_TYPE = YES_ERROR;
				GCC_WARN_UNDECLARED_SELECTOR = YES;
				GCC_WARN_UNINITIALIZED_AUTOS = YES_AGGRESSIVE;
				GCC_WARN_UNUSED_FUNCTION = YES;
				GCC_WARN_UNUSED_VARIABLE = YES;
				MACOSX_DEPLOYMENT_TARGET = 10.14;
				MTL_ENABLE_DEBUG_INFO = NO;
				MTL_FAST_MATH = YES;
				SDKROOT = macosx;
			};
			name = Release;
		};
		4F79DB6821AE1CD800C5C7C1 /* Debug */ = {
			isa = XCBuildConfiguration;
			buildSettings = {
				CLANG_CXX_LANGUAGE_STANDARD = "c++17";
				CODE_SIGN_STYLE = Automatic;
				GCC_NO_COMMON_BLOCKS = NO;
				OTHER_LDFLAGS = "-lcurl";
				PRODUCT_NAME = "$(TARGET_NAME)";
			};
			name = Debug;
		};
		4F79DB6921AE1CD800C5C7C1 /* Release */ = {
			isa = XCBuildConfiguration;
			buildSettings = {
				CLANG_CXX_LANGUAGE_STANDARD = "c++17";
				CODE_SIGN_STYLE = Automatic;
				GCC_NO_COMMON_BLOCKS = NO;
				OTHER_LDFLAGS = "-lcurl";
				PRODUCT_NAME = "$(TARGET_NAME)";
			};
			name = Release;
		};
/* End XCBuildConfiguration section */

/* Begin XCConfigurationList section */
		4F79DB5B21AE1CD800C5C7C1 /* Build configuration list for PBXProject "SatellitePositionFinder" */ = {
			isa = XCConfigurationList;
			buildConfigurations = (
				4F79DB6521AE1CD800C5C7C1 /* Debug */,
				4F79DB6621AE1CD800C5C7C1 /* Release */,
			);
			defaultConfigurationIsVisible = 0;
			defaultConfigurationName = Release;
		};
		4F79DB6721AE1CD800C5C7C1 /* Build configuration list for PBXNativeTarget "SatellitePositionFinder" */ = {
			isa = XCConfigurationList;
			buildConfigurations = (
				4F79DB6821AE1CD800C5C7C1 /* Debug */,
				4F79DB6921AE1CD800C5C7C1 /* Release */,
			);
			defaultConfigurationIsVisible = 0;
			defaultConfigurationName = Release;
		};
/* End XCConfigurationList section */
	};
	rootObject = 4F79DB5821AE1CD800C5C7C1 /* Project object */;
}
